// !$*UTF8*$!
{
	archiveVersion = 1;
	classes = {
	};
	objectVersion = 56;
	objects = {

/* Begin PBXBuildFile section */
		AA000040AA000040AA000040 /* GiftPickerApp.swift in Sources */ = {isa = PBXBuildFile; fileRef = AA000030AA000030AA000030 /* GiftPickerApp.swift */; };
		AA000041AA000041AA000041 /* ContentView.swift in Sources */ = {isa = PBXBuildFile; fileRef = AA000031AA000031AA000031 /* ContentView.swift */; };
		AA000042AA000042AA000042 /* GiftCriteria.swift in Sources */ = {isa = PBXBuildFile; fileRef = AA000032AA000032AA000032 /* GiftCriteria.swift */; };
		AA000043AA000043AA000043 /* GiftRecommendation.swift in Sources */ = {isa = PBXBuildFile; fileRef = AA000033AA000033AA000033 /* GiftRecommendation.swift */; };
		AA000044AA000044AA000044 /* GiftDatabase.swift in Sources */ = {isa = PBXBuildFile; fileRef = AA000034AA000034AA000034 /* GiftDatabase.swift */; };
		AA000045AA000045AA000045 /* HomeView.swift in Sources */ = {isa = PBXBuildFile; fileRef = AA000035AA000035AA000035 /* HomeView.swift */; };
		AA000046AA000046AA000046 /* CriteriaSelectionView.swift in Sources */ = {isa = PBXBuildFile; fileRef = AA000036AA000036AA000036 /* CriteriaSelectionView.swift */; };
		AA000047AA000047AA000047 /* ResultsView.swift in Sources */ = {isa = PBXBuildFile; fileRef = AA000037AA000037AA000037 /* ResultsView.swift */; };
		AA000048AA000048AA000048 /* GiftDetailView.swift in Sources */ = {isa = PBXBuildFile; fileRef = AA000038AA000038AA000038 /* GiftDetailView.swift */; };
		AA000049AA000049AA000049 /* Assets.xcassets in Resources */ = {isa = PBXBuildFile; fileRef = AA000039AA000039AA000039 /* Assets.xcassets */; };
/* End PBXBuildFile section */

/* Begin PBXFileReference section */
		AA000003AA000003AA000003 /* GiftPicker.app */ = {isa = PBXFileReference; explicitFileType = wrapper.application; includeInIndex = 0; path = GiftPicker.app; sourceTree = BUILT_PRODUCTS_DIR; };
		AA000030AA000030AA000030 /* GiftPickerApp.swift */ = {isa = PBXFileReference; lastKnownFileType = sourcecode.swift; path = GiftPickerApp.swift; sourceTree = "<group>"; };
		AA000031AA000031AA000031 /* ContentView.swift */ = {isa = PBXFileReference; lastKnownFileType = sourcecode.swift; path = ContentView.swift; sourceTree = "<group>"; };
		AA000032AA000032AA000032 /* GiftCriteria.swift */ = {isa = PBXFileReference; lastKnownFileType = sourcecode.swift; path = GiftCriteria.swift; sourceTree = "<group>"; };
		AA000033AA000033AA000033 /* GiftRecommendation.swift */ = {isa = PBXFileReference; lastKnownFileType = sourcecode.swift; path = GiftRecommendation.swift; sourceTree = "<group>"; };
		AA000034AA000034AA000034 /* GiftDatabase.swift */ = {isa = PBXFileReference; lastKnownFileType = sourcecode.swift; path = GiftDatabase.swift; sourceTree = "<group>"; };
		AA000035AA000035AA000035 /* HomeView.swift */ = {isa = PBXFileReference; lastKnownFileType = sourcecode.swift; path = HomeView.swift; sourceTree = "<group>"; };
		AA000036AA000036AA000036 /* CriteriaSelectionView.swift */ = {isa = PBXFileReference; lastKnownFileType = sourcecode.swift; path = CriteriaSelectionView.swift; sourceTree = "<group>"; };
		AA000037AA000037AA000037 /* ResultsView.swift */ = {isa = PBXFileReference; lastKnownFileType = sourcecode.swift; path = ResultsView.swift; sourceTree = "<group>"; };
		AA000038AA000038AA000038 /* GiftDetailView.swift */ = {isa = PBXFileReference; lastKnownFileType = sourcecode.swift; path = GiftDetailView.swift; sourceTree = "<group>"; };
		AA000039AA000039AA000039 /* Assets.xcassets */ = {isa = PBXFileReference; lastKnownFileType = folder.assetcatalog; path = Assets.xcassets; sourceTree = "<group>"; };
/* End PBXFileReference section */

/* Begin PBXFrameworksBuildPhase section */
		AA000006AA000006AA000006 /* Frameworks */ = {
			isa = PBXFrameworksBuildPhase;
			buildActionMask = 2147483647;
			files = (
			);
			runOnlyForDeploymentPostprocessing = 0;
		};
/* End PBXFrameworksBuildPhase section */

/* Begin PBXGroup section */
		AA000001AA000001AA000001 = {
			isa = PBXGroup;
			children = (
				AA000020AA000020AA000020 /* GiftPicker */,
				AA000002AA000002AA000002 /* Products */,
			);
			sourceTree = "<group>";
		};
		AA000002AA000002AA000002 /* Products */ = {
			isa = PBXGroup;
			children = (
				AA000003AA000003AA000003 /* GiftPicker.app */,
			);
			name = Products;
			sourceTree = "<group>";
		};
		AA000020AA000020AA000020 /* GiftPicker */ = {
			isa = PBXGroup;
			children = (
				AA000030AA000030AA000030 /* GiftPickerApp.swift */,
				AA000031AA000031AA000031 /* ContentView.swift */,
				AA000021AA000021AA000021 /* Models */,
				AA000022AA000022AA000022 /* Views */,
				AA000039AA000039AA000039 /* Assets.xcassets */,
			);
			path = GiftPicker;
			sourceTree = "<group>";
		};
		AA000021AA000021AA000021 /* Models */ = {
			isa = PBXGroup;
			children = (
				AA000032AA000032AA000032 /* GiftCriteria.swift */,
				AA000033AA000033AA000033 /* GiftRecommendation.swift */,
				AA000034AA000034AA000034 /* GiftDatabase.swift */,
			);
			path = Models;
			sourceTree = "<group>";
		};
		AA000022AA000022AA000022 /* Views */ = {
			isa = PBXGroup;
			children = (
				AA000035AA000035AA000035 /* HomeView.swift */,
				AA000036AA000036AA000036 /* CriteriaSelectionView.swift */,
				AA000037AA000037AA000037 /* ResultsView.swift */,
				AA000038AA000038AA000038 /* GiftDetailView.swift */,
			);
			path = Views;
			sourceTree = "<group>";
		};
/* End PBXGroup section */

/* Begin PBXNativeTarget section */
		AA000004AA000004AA000004 /* GiftPicker */ = {
			isa = PBXNativeTarget;
			buildConfigurationList = AA000011AA000011AA000011 /* Build configuration list for PBXNativeTarget "GiftPicker" */;
			buildPhases = (
				AA000005AA000005AA000005 /* Sources */,
				AA000006AA000006AA000006 /* Frameworks */,
				AA000007AA000007AA000007 /* Resources */,
			);
			buildRules = (
			);
			dependencies = (
			);
			name = GiftPicker;
			productName = GiftPicker;
			productReference = AA000003AA000003AA000003 /* GiftPicker.app */;
			productType = "com.apple.product-type.application";
		};
/* End PBXNativeTarget section */

/* Begin PBXProject section */
		AA000000AA000000AA000000 /* Project object */ = {
			isa = PBXProject;
			attributes = {
				BuildIndependentTargetsInParallel = 1;
				LastSwiftUpdateCheck = 1500;
				LastUpgradeCheck = 1500;
				TargetAttributes = {
					AA000004AA000004AA000004 = {
						CreatedOnToolsVersion = 15.0;
					};
				};
			};
			buildConfigurationList = AA000010AA000010AA000010 /* Build configuration list for PBXProject "GiftPicker" */;
			compatibilityVersion = "Xcode 14.0";
			developmentRegion = en;
			hasScannedForEncodings = 0;
			knownRegions = (
				en,
				Base,
			);
			mainGroup = AA000001AA000001AA000001;
			productRefGroup = AA000002AA000002AA000002 /* Products */;
			projectDirPath = "";
			projectRoot = "";
			targets = (
				AA000004AA000004AA000004 /* GiftPicker */,
			);
		};
/* End PBXProject section */

/* Begin PBXResourcesBuildPhase section */
		AA000007AA000007AA000007 /* Resources */ = {
			isa = PBXResourcesBuildPhase;
			buildActionMask = 2147483647;
			files = (
				AA000049AA000049AA000049 /* Assets.xcassets in Resources */,
			);
			runOnlyForDeploymentPostprocessing = 0;
		};
/* End PBXResourcesBuildPhase section */

/* Begin PBXSourcesBuildPhase section */
		AA000005AA000005AA000005 /* Sources */ = {
			isa = PBXSourcesBuildPhase;
			buildActionMask = 2147483647;
			files = (
				AA000040AA000040AA000040 /* GiftPickerApp.swift in Sources */,
				AA000041AA000041AA000041 /* ContentView.swift in Sources */,
				AA000042AA000042AA000042 /* GiftCriteria.swift in Sources */,
				AA000043AA000043AA000043 /* GiftRecommendation.swift in Sources */,
				AA000044AA000044AA000044 /* GiftDatabase.swift in Sources */,
				AA000045AA000045AA000045 /* HomeView.swift in Sources */,
				AA000046AA000046AA000046 /* CriteriaSelectionView.swift in Sources */,
				AA000047AA000047AA000047 /* ResultsView.swift in Sources */,
				AA000048AA000048AA000048 /* GiftDetailView.swift in Sources */,
			);
			runOnlyForDeploymentPostprocessing = 0;
		};
/* End PBXSourcesBuildPhase section */

/* Begin XCBuildConfiguration section */
		AA000012AA000012AA000012 /* Debug */ = {
			isa = XCBuildConfiguration;
			buildSettings = {
				ALWAYS_SEARCH_USER_PATHS = NO;
				ASSETCATALOG_COMPILER_GENERATE_SWIFT_ASSET_SYMBOL_EXTENSIONS = YES;
				CLANG_ANALYZER_NONNULL = YES;
				CLANG_ANALYZER_NUMBER_OBJECT_CONVERSION = YES_AGGRESSIVE;
				CLANG_CXX_LANGUAGE_STANDARD = "gnu++20";
				CLANG_ENABLE_MODULES = YES;
				CLANG_ENABLE_OBJC_ARC = YES;
				CLANG_ENABLE_OBJC_WEAK = YES;
				CLANG_WARN_BLOCK_CAPTURE_AUTORELEASING = YES;
				CLANG_WARN_BOOL_CONVERSION = YES;
				CLANG_WARN_COMMA = YES;
				CLANG_WARN_CONSTANT_CONVERSION = YES;
				CLANG_WARN_DEPRECATED_OBJC_IMPLEMENTATIONS = YES;
				CLANG_WARN_DIRECT_OBJC_ISA_USAGE = YES_ERROR;
				CLANG_WARN_DOCUMENTATION_COMMENTS = YES;
				CLANG_WARN_EMPTY_BODY = YES;
				CLANG_WARN_ENUM_CONVERSION = YES;
				CLANG_WARN_INFINITE_RECURSION = YES;
				CLANG_WARN_INT_CONVERSION = YES;
				CLANG_WARN_NON_LITERAL_NULL_CONVERSION = YES;
				CLANG_WARN_OBJC_IMPLICIT_RETAIN_SELF = YES;
				CLANG_WARN_OBJC_LITERAL_CONVERSION = YES;
				CLANG_WARN_OBJC_ROOT_CLASS = YES_ERROR;
				CLANG_WARN_QUOTED_INCLUDE_IN_FRAMEWORK_HEADER = YES;
				CLANG_WARN_RANGE_LOOP_ANALYSIS = YES;
				CLANG_WARN_STRICT_PROTOTYPES = YES;
				CLANG_WARN_SUSPICIOUS_MOVE = YES;
				CLANG_WARN_UNGUARDED_AVAILABILITY = YES_AGGRESSIVE;
				CLANG_WARN_UNREACHABLE_CODE = YES;
				CLANG_WARN__DUPLICATE_METHOD_MATCH = YES;
				COPY_PHASE_STRIP = NO;
				DEBUG_INFORMATION_FORMAT = dwarf;
				ENABLE_STRICT_OBJC_MSGSEND = YES;
				ENABLE_TESTABILITY = YES;
				ENABLE_USER_SCRIPT_SANDBOXING = YES;
				GCC_C_LANGUAGE_STANDARD = gnu17;
				GCC_DYNAMIC_NO_PIC = NO;
				GCC_NO_COMMON_BLOCKS = YES;
				GCC_OPTIMIZATION_LEVEL = 0;
				GCC_PREPROCESSOR_DEFINITIONS = (
					"DEBUG=1",
					"$(inherited)",
				);
				GCC_WARN_64_TO_32_BIT_CONVERSION = YES;
				GCC_WARN_ABOUT_RETURN_TYPE = YES_ERROR;
				GCC_WARN_UNDECLARED_SELECTOR = YES;
				GCC_WARN_UNINITIALIZED_AUTOS = YES_AGGRESSIVE;
				GCC_WARN_UNUSED_FUNCTION = YES;
				GCC_WARN_UNUSED_VARIABLE = YES;
				IPHONEOS_DEPLOYMENT_TARGET = 17.0;
				MTL_ENABLE_DEBUG_INFO = INCLUDE_SOURCE;
				MTL_FAST_MATH = YES;
				ONLY_ACTIVE_ARCH = YES;
				SDKROOT = iphoneos;
				SWIFT_ACTIVE_COMPILATION_CONDITIONS = DEBUG;
				SWIFT_OPTIMIZATION_LEVEL = "-Onone";
			};
			name = Debug;
		};
		AA000013AA000013AA000013 /* Release */ = {
			isa = XCBuildConfiguration;
			buildSettings = {
				ALWAYS_SEARCH_USER_PATHS = NO;
				ASSETCATALOG_COMPILER_GENERATE_SWIFT_ASSET_SYMBOL_EXTENSIONS = YES;
				CLANG_ANALYZER_NONNULL = YES;
				CLANG_ANALYZER_NUMBER_OBJECT_CONVERSION = YES_AGGRESSIVE;
				CLANG_CXX_LANGUAGE_STANDARD = "gnu++20";
				CLANG_ENABLE_MODULES = YES;
				CLANG_ENABLE_OBJC_ARC = YES;
				CLANG_ENABLE_OBJC_WEAK = YES;
				CLANG_WARN_BLOCK_CAPTURE_AUTORELEASING = YES;
				CLANG_WARN_BOOL_CONVERSION = YES;
				CLANG_WARN_COMMA = YES;
				CLANG_WARN_CONSTANT_CONVERSION = YES;
				CLANG_WARN_DEPRECATED_OBJC_IMPLEMENTATIONS = YES;
				CLANG_WARN_DIRECT_OBJC_ISA_USAGE = YES_ERROR;
				CLANG_WARN_DOCUMENTATION_COMMENTS = YES;
				CLANG_WARN_EMPTY_BODY = YES;
				CLANG_WARN_ENUM_CONVERSION = YES;
				CLANG_WARN_INFINITE_RECURSION = YES;
				CLANG_WARN_INT_CONVERSION = YES;
				CLANG_WARN_NON_LITERAL_NULL_CONVERSION = YES;
				CLANG_WARN_OBJC_IMPLICIT_RETAIN_SELF = YES;
				CLANG_WARN_OBJC_LITERAL_CONVERSION = YES;
				CLANG_WARN_OBJC_ROOT_CLASS = YES_ERROR;
				CLANG_WARN_QUOTED_INCLUDE_IN_FRAMEWORK_HEADER = YES;
				CLANG_WARN_RANGE_LOOP_ANALYSIS = YES;
				CLANG_WARN_STRICT_PROTOTYPES = YES;
				CLANG_WARN_SUSPICIOUS_MOVE = YES;
				CLANG_WARN_UNGUARDED_AVAILABILITY = YES_AGGRESSIVE;
				CLANG_WARN_UNREACHABLE_CODE = YES;
				CLANG_WARN__DUPLICATE_METHOD_MATCH = YES;
				COPY_PHASE_STRIP = NO;
				DEBUG_INFORMATION_FORMAT = "dwarf-with-dsym";
				ENABLE_NS_ASSERTIONS = NO;
				ENABLE_STRICT_OBJC_MSGSEND = YES;
				ENABLE_USER_SCRIPT_SANDBOXING = YES;
				GCC_C_LANGUAGE_STANDARD = gnu17;
				GCC_NO_COMMON_BLOCKS = YES;
				GCC_WARN_64_TO_32_BIT_CONVERSION = YES;
				GCC_WARN_ABOUT_RETURN_TYPE = YES_ERROR;
				GCC_WARN_UNDECLARED_SELECTOR = YES;
				GCC_WARN_UNINITIALIZED_AUTOS = YES_AGGRESSIVE;
				GCC_WARN_UNUSED_FUNCTION = YES;
				GCC_WARN_UNUSED_VARIABLE = YES;
				IPHONEOS_DEPLOYMENT_TARGET = 17.0;
				MTL_FAST_MATH = YES;
				SDKROOT = iphoneos;
				SWIFT_COMPILATION_MODE = wholemodule;
				SWIFT_OPTIMIZATION_LEVEL = "-O";
				VALIDATE_PRODUCT = YES;
			};
			name = Release;
		};
		AA000014AA000014AA000014 /* Debug */ = {
			isa = XCBuildConfiguration;
			buildSettings = {
				ASSETCATALOG_COMPILER_APPICON_NAME = AppIcon;
				ASSETCATALOG_COMPILER_GLOBAL_ACCENT_COLOR_NAME = AccentColor;
				CODE_SIGN_STYLE = Automatic;
				CURRENT_PROJECT_VERSION = 1;
				DEVELOPMENT_ASSET_PATHS = "";
				ENABLE_PREVIEWS = YES;
				GENERATE_INFOPLIST_FILE = YES;
				INFOPLIST_KEY_UIApplicationSceneManifest_Generation = YES;
				INFOPLIST_KEY_UIApplicationSupportsIndirectInputEvents = YES;
				INFOPLIST_KEY_UILaunchScreen_Generation = YES;
				INFOPLIST_KEY_UISupportedInterfaceOrientations_iPhone = "UIInterfaceOrientationPortrait UIInterfaceOrientationLandscapeLeft UIInterfaceOrientationLandscapeRight";
				LD_RUNPATH_SEARCH_PATHS = (
					"$(inherited)",
					"@executable_path/Frameworks",
				);
				MARKETING_VERSION = 1.0;
				PRODUCT_BUNDLE_IDENTIFIER = com.deepaksg.giftpicker;
				PRODUCT_NAME = "$(TARGET_NAME)";
				SWIFT_EMIT_LOC_STRINGS = YES;
				SWIFT_VERSION = 5.0;
				TARGETED_DEVICE_FAMILY = 1;
			};
			name = Debug;
		};
		AA000015AA000015AA000015 /* Release */ = {
			isa = XCBuildConfiguration;
			buildSettings = {
				ASSETCATALOG_COMPILER_APPICON_NAME = AppIcon;
				ASSETCATALOG_COMPILER_GLOBAL_ACCENT_COLOR_NAME = AccentColor;
				CODE_SIGN_STYLE = Automatic;
				CURRENT_PROJECT_VERSION = 1;
				DEVELOPMENT_ASSET_PATHS = "";
				ENABLE_PREVIEWS = YES;
				GENERATE_INFOPLIST_FILE = YES;
				INFOPLIST_KEY_UIApplicationSceneManifest_Generation = YES;
				INFOPLIST_KEY_UIApplicationSupportsIndirectInputEvents = YES;
				INFOPLIST_KEY_UILaunchScreen_Generation = YES;
				INFOPLIST_KEY_UISupportedInterfaceOrientations_iPhone = "UIInterfaceOrientationPortrait UIInterfaceOrientationLandscapeLeft UIInterfaceOrientationLandscapeRight";
				LD_RUNPATH_SEARCH_PATHS = (
					"$(inherited)",
					"@executable_path/Frameworks",
				);
				MARKETING_VERSION = 1.0;
				PRODUCT_BUNDLE_IDENTIFIER = com.deepaksg.giftpicker;
				PRODUCT_NAME = "$(TARGET_NAME)";
				SWIFT_EMIT_LOC_STRINGS = YES;
				SWIFT_VERSION = 5.0;
				TARGETED_DEVICE_FAMILY = 1;
			};
			name = Release;
		};
/* End XCBuildConfiguration section */

/* Begin XCConfigurationList section */
		AA000010AA000010AA000010 /* Build configuration list for PBXProject "GiftPicker" */ = {
			isa = XCConfigurationList;
			buildConfigurations = (
				AA000012AA000012AA000012 /* Debug */,
				AA000013AA000013AA000013 /* Release */,
			);
			defaultConfigurationIsVisible = 0;
			defaultConfigurationName = Release;
		};
		AA000011AA000011AA000011 /* Build configuration list for PBXNativeTarget "GiftPicker" */ = {
			isa = XCConfigurationList;
			buildConfigurations = (
				AA000014AA000014AA000014 /* Debug */,
				AA000015AA000015AA000015 /* Release */,
			);
			defaultConfigurationIsVisible = 0;
			defaultConfigurationName = Release;
		};
/* End XCConfigurationList section */
	};
	rootObject = AA000000AA000000AA000000 /* Project object */;
}
